
Microsoft Visual Studio Solution File, Format Version 12.00
# Visual Studio Version 16
VisualStudioVersion = 16.0.29613.14
MinimumVisualStudioVersion = 10.0.40219.1
Project("{FAE04EC0-301F-11D3-BF4B-00C04F79EFBC}") = "4200Project", "4200Project.csproj", "{16078511-5687-4407-8EDD-22EF4D29927A}"
EndProject
Global
	GlobalSection(SolutionConfigurationPlatforms) = preSolution
		Debug|Any CPU = Debug|Any CPU
		Release|Any CPU = Release|Any CPU
	EndGlobalSection
	GlobalSection(ProjectConfigurationPlatforms) = postSolution
		{16078511-5687-4407-8EDD-22EF4D29927A}.Debug|Any CPU.ActiveCfg = Debug|Any CPU
		{16078511-5687-4407-8EDD-22EF4D29927A}.Debug|Any CPU.Build.0 = Debug|Any CPU
		{16078511-5687-4407-8EDD-22EF4D29927A}.Release|Any CPU.ActiveCfg = Release|Any CPU
		{16078511-5687-4407-8EDD-22EF4D29927A}.Release|Any CPU.Build.0 = Release|Any CPU
	EndGlobalSection
	GlobalSection(SolutionProperties) = preSolution
		HideSolutionNode = FALSE
	EndGlobalSection
	GlobalSection(ExtensibilityGlobals) = postSolution
		SolutionGuid = {1824E586-EDA1-4981-9837-2624B8CC0468}
	EndGlobalSection
EndGlobal
